
Microsoft Visual Studio Solution File, Format Version 12.00
# Visual Studio Version 16
VisualStudioVersion = 16.0.29230.47
MinimumVisualStudioVersion = 10.0.40219.1
Project("{FAE04EC0-301F-11D3-BF4B-00C04F79EFBC}") = "FunRecommendations", "FunRecommendations\FunRecommendations.csproj", "{A60D8117-DF52-4C85-9306-C11A2B96EE8D}"
EndProject
Global
	GlobalSection(SolutionConfigurationPlatforms) = preSolution
		Debug|Any CPU = Debug|Any CPU
		Release|Any CPU = Release|Any CPU
	EndGlobalSection
	GlobalSection(ProjectConfigurationPlatforms) = postSolution
		{A60D8117-DF52-4C85-9306-C11A2B96EE8D}.Debug|Any CPU.ActiveCfg = Debug|Any CPU
		{A60D8117-DF52-4C85-9306-C11A2B96EE8D}.Debug|Any CPU.Build.0 = Debug|Any CPU
		{A60D8117-DF52-4C85-9306-C11A2B96EE8D}.Release|Any CPU.ActiveCfg = Release|Any CPU
		{A60D8117-DF52-4C85-9306-C11A2B96EE8D}.Release|Any CPU.Build.0 = Release|Any CPU
	EndGlobalSection
	GlobalSection(SolutionProperties) = preSolution
		HideSolutionNode = FALSE
	EndGlobalSection
	GlobalSection(ExtensibilityGlobals) = postSolution
		SolutionGuid = {73DDE6F9-73A2-4C79-ADE5-B94E41471B80}
	EndGlobalSection
EndGlobal
